
Microsoft Visual Studio Solution File, Format Version 12.00
# Visual Studio Version 17
VisualStudioVersion = 17.4.32916.344
MinimumVisualStudioVersion = 10.0.40219.1
Project("{9A19103F-16F7-4668-BE54-9A1E7A4F7556}") = "SharpRSA", "SharpRSA\SharpRSA.csproj", "{C6113F4E-B3DE-4E71-8B55-5F8F107231C7}"
EndProject
Project("{FAE04EC0-301F-11D3-BF4B-00C04F79EFBC}") = "SharpRSA.Tests", "SharpRSA.Tests\SharpRSA.Tests.csproj", "{634DBA47-94B6-40BA-BFAC-945BFDF6977E}"
EndProject
Global
	GlobalSection(SolutionConfigurationPlatforms) = preSolution
		Debug|Any CPU = Debug|Any CPU
		Release|Any CPU = Release|Any CPU
	EndGlobalSection
	GlobalSection(ProjectConfigurationPlatforms) = postSolution
		{C6113F4E-B3DE-4E71-8B55-5F8F107231C7}.Debug|Any CPU.ActiveCfg = Debug|Any CPU
		{C6113F4E-B3DE-4E71-8B55-5F8F107231C7}.Debug|Any CPU.Build.0 = Debug|Any CPU
		{C6113F4E-B3DE-4E71-8B55-5F8F107231C7}.Release|Any CPU.ActiveCfg = Release|Any CPU
		{C6113F4E-B3DE-4E71-8B55-5F8F107231C7}.Release|Any CPU.Build.0 = Release|Any CPU
		{634DBA47-94B6-40BA-BFAC-945BFDF6977E}.Debug|Any CPU.ActiveCfg = Debug|Any CPU
		{634DBA47-94B6-40BA-BFAC-945BFDF6977E}.Debug|Any CPU.Build.0 = Debug|Any CPU
		{634DBA47-94B6-40BA-BFAC-945BFDF6977E}.Release|Any CPU.ActiveCfg = Release|Any CPU
		{634DBA47-94B6-40BA-BFAC-945BFDF6977E}.Release|Any CPU.Build.0 = Release|Any CPU
	EndGlobalSection
	GlobalSection(SolutionProperties) = preSolution
		HideSolutionNode = FALSE
	EndGlobalSection
	GlobalSection(ExtensibilityGlobals) = postSolution
		SolutionGuid = {BCED2DCF-99C8-4511-AF89-513A215C671A}
	EndGlobalSection
EndGlobal
